// !$*UTF8*$!
{
	archiveVersion = 1;
	classes = {
	};
	objectVersion = 51;
	objects = {

/* Begin PBXBuildFile section */
		520834B58E82A22CD8E5F07A /* Pods_QRCodePOC.framework in Frameworks */ = {isa = PBXBuildFile; fileRef = BA4BF9524D654231AA41A220 /* Pods_QRCodePOC.framework */; };
		EB1DE107258D4AC80031C75C /* CodeView.swift in Sources */ = {isa = PBXBuildFile; fileRef = EB1DE106258D4AC80031C75C /* CodeView.swift */; };
		EB1DE10A258D4AD30031C75C /* UIColor+Notations.swift in Sources */ = {isa = PBXBuildFile; fileRef = EB1DE109258D4AD30031C75C /* UIColor+Notations.swift */; };
		EB343616255C31AA00A629F7 /* AppDelegate.swift in Sources */ = {isa = PBXBuildFile; fileRef = EB343615255C31AA00A629F7 /* AppDelegate.swift */; };
		EB34361A255C31AA00A629F7 /* MainViewController.swift in Sources */ = {isa = PBXBuildFile; fileRef = EB343619255C31AA00A629F7 /* MainViewController.swift */; };
		EB34361F255C31AD00A629F7 /* Assets.xcassets in Resources */ = {isa = PBXBuildFile; fileRef = EB34361E255C31AD00A629F7 /* Assets.xcassets */; };
		EB343622255C31AD00A629F7 /* LaunchScreen.storyboard in Resources */ = {isa = PBXBuildFile; fileRef = EB343620255C31AD00A629F7 /* LaunchScreen.storyboard */; };
		EB8A0CF2258BC5AF003A0839 /* QRCodeMenuViewController.swift in Sources */ = {isa = PBXBuildFile; fileRef = EB8A0CF1258BC5AF003A0839 /* QRCodeMenuViewController.swift */; };
		EB8A0CF6258BC610003A0839 /* QRCodeMenuView.swift in Sources */ = {isa = PBXBuildFile; fileRef = EB8A0CF5258BC610003A0839 /* QRCodeMenuView.swift */; };
		EB8A0CFA258BE097003A0839 /* QRCodeViewerViewController.swift in Sources */ = {isa = PBXBuildFile; fileRef = EB8A0CF9258BE097003A0839 /* QRCodeViewerViewController.swift */; };
/* End PBXBuildFile section */

/* Begin PBXFileReference section */
		69691891E5DF6EDBB2012274 /* Pods-PlaygroundSimulator.release.xcconfig */ = {isa = PBXFileReference; includeInIndex = 1; lastKnownFileType = text.xcconfig; name = "Pods-PlaygroundSimulator.release.xcconfig"; path = "Target Support Files/Pods-PlaygroundSimulator/Pods-PlaygroundSimulator.release.xcconfig"; sourceTree = "<group>"; };
		7D1AEBB90978D9E2CF057FCB /* Pods-QRCodePOC.debug.xcconfig */ = {isa = PBXFileReference; includeInIndex = 1; lastKnownFileType = text.xcconfig; name = "Pods-QRCodePOC.debug.xcconfig"; path = "Target Support Files/Pods-QRCodePOC/Pods-QRCodePOC.debug.xcconfig"; sourceTree = "<group>"; };
		B812057F51A3AFBC6BB3C8CC /* Pods-PlaygroundSimulator.debug.xcconfig */ = {isa = PBXFileReference; includeInIndex = 1; lastKnownFileType = text.xcconfig; name = "Pods-PlaygroundSimulator.debug.xcconfig"; path = "Target Support Files/Pods-PlaygroundSimulator/Pods-PlaygroundSimulator.debug.xcconfig"; sourceTree = "<group>"; };
		BA4BF9524D654231AA41A220 /* Pods_QRCodePOC.framework */ = {isa = PBXFileReference; explicitFileType = wrapper.framework; includeInIndex = 0; path = Pods_QRCodePOC.framework; sourceTree = BUILT_PRODUCTS_DIR; };
		C8D61EB562284A6EDBD04F73 /* Pods-QRCodePOC.release.xcconfig */ = {isa = PBXFileReference; includeInIndex = 1; lastKnownFileType = text.xcconfig; name = "Pods-QRCodePOC.release.xcconfig"; path = "Target Support Files/Pods-QRCodePOC/Pods-QRCodePOC.release.xcconfig"; sourceTree = "<group>"; };
		EB1DE106258D4AC80031C75C /* CodeView.swift */ = {isa = PBXFileReference; fileEncoding = 4; lastKnownFileType = sourcecode.swift; path = CodeView.swift; sourceTree = "<group>"; };
		EB1DE109258D4AD30031C75C /* UIColor+Notations.swift */ = {isa = PBXFileReference; fileEncoding = 4; lastKnownFileType = sourcecode.swift; path = "UIColor+Notations.swift"; sourceTree = "<group>"; };
		EB343612255C31AA00A629F7 /* QRCodePOC.app */ = {isa = PBXFileReference; explicitFileType = wrapper.application; includeInIndex = 0; path = QRCodePOC.app; sourceTree = BUILT_PRODUCTS_DIR; };
		EB343615255C31AA00A629F7 /* AppDelegate.swift */ = {isa = PBXFileReference; lastKnownFileType = sourcecode.swift; path = AppDelegate.swift; sourceTree = "<group>"; };
		EB343619255C31AA00A629F7 /* MainViewController.swift */ = {isa = PBXFileReference; lastKnownFileType = sourcecode.swift; path = MainViewController.swift; sourceTree = "<group>"; };
		EB34361E255C31AD00A629F7 /* Assets.xcassets */ = {isa = PBXFileReference; lastKnownFileType = folder.assetcatalog; path = Assets.xcassets; sourceTree = "<group>"; };
		EB343621255C31AD00A629F7 /* Base */ = {isa = PBXFileReference; lastKnownFileType = file.storyboard; name = Base; path = Base.lproj/LaunchScreen.storyboard; sourceTree = "<group>"; };
		EB343623255C31AD00A629F7 /* Info.plist */ = {isa = PBXFileReference; lastKnownFileType = text.plist.xml; path = Info.plist; sourceTree = "<group>"; };
		EB8A0CF1258BC5AF003A0839 /* QRCodeMenuViewController.swift */ = {isa = PBXFileReference; lastKnownFileType = sourcecode.swift; path = QRCodeMenuViewController.swift; sourceTree = "<group>"; };
		EB8A0CF5258BC610003A0839 /* QRCodeMenuView.swift */ = {isa = PBXFileReference; lastKnownFileType = sourcecode.swift; path = QRCodeMenuView.swift; sourceTree = "<group>"; };
		EB8A0CF9258BE097003A0839 /* QRCodeViewerViewController.swift */ = {isa = PBXFileReference; lastKnownFileType = sourcecode.swift; path = QRCodeViewerViewController.swift; sourceTree = "<group>"; };
/* End PBXFileReference section */

/* Begin PBXFrameworksBuildPhase section */
		EB34360F255C31AA00A629F7 /* Frameworks */ = {
			isa = PBXFrameworksBuildPhase;
			buildActionMask = 2147483647;
			files = (
				520834B58E82A22CD8E5F07A /* Pods_QRCodePOC.framework in Frameworks */,
			);
			runOnlyForDeploymentPostprocessing = 0;
		};
/* End PBXFrameworksBuildPhase section */

/* Begin PBXGroup section */
		EAE220551AB38822D6F7B1E3 /* Frameworks */ = {
			isa = PBXGroup;
			children = (
				BA4BF9524D654231AA41A220 /* Pods_QRCodePOC.framework */,
			);
			name = Frameworks;
			sourceTree = "<group>";
		};
		EB05C541255DC1A200761CCC /* Main */ = {
			isa = PBXGroup;
			children = (
				EB343615255C31AA00A629F7 /* AppDelegate.swift */,
				EB343619255C31AA00A629F7 /* MainViewController.swift */,
			);
			path = Main;
			sourceTree = "<group>";
		};
		EB1DE10C258D4AE90031C75C /* Shared */ = {
			isa = PBXGroup;
			children = (
				EB1DE10E258D4AF90031C75C /* Extensions */,
				EB1DE10D258D4AEE0031C75C /* Protocols */,
			);
			path = Shared;
			sourceTree = "<group>";
		};
		EB1DE10D258D4AEE0031C75C /* Protocols */ = {
			isa = PBXGroup;
			children = (
				EB1DE106258D4AC80031C75C /* CodeView.swift */,
			);
			path = Protocols;
			sourceTree = "<group>";
		};
		EB1DE10E258D4AF90031C75C /* Extensions */ = {
			isa = PBXGroup;
			children = (
				EB1DE109258D4AD30031C75C /* UIColor+Notations.swift */,
			);
			path = Extensions;
			sourceTree = "<group>";
		};
		EB343609255C31AA00A629F7 = {
			isa = PBXGroup;
			children = (
				EB343614255C31AA00A629F7 /* QRCodePOC */,
				EB343613255C31AA00A629F7 /* Products */,
				EC2046899F77670D47C9E8B1 /* Pods */,
				EAE220551AB38822D6F7B1E3 /* Frameworks */,
			);
			sourceTree = "<group>";
		};
		EB343613255C31AA00A629F7 /* Products */ = {
			isa = PBXGroup;
			children = (
				EB343612255C31AA00A629F7 /* QRCodePOC.app */,
			);
			name = Products;
			sourceTree = "<group>";
		};
		EB343614255C31AA00A629F7 /* QRCodePOC */ = {
			isa = PBXGroup;
			children = (
				EB34361E255C31AD00A629F7 /* Assets.xcassets */,
				EB343620255C31AD00A629F7 /* LaunchScreen.storyboard */,
				EB343623255C31AD00A629F7 /* Info.plist */,
				EB05C541255DC1A200761CCC /* Main */,
				EB8A0CF0258BC586003A0839 /* QRCode */,
				EB1DE10C258D4AE90031C75C /* Shared */,
			);
			path = QRCodePOC;
			sourceTree = "<group>";
		};
		EB8A0CF0258BC586003A0839 /* QRCode */ = {
			isa = PBXGroup;
			children = (
				EB8A0CF1258BC5AF003A0839 /* QRCodeMenuViewController.swift */,
				EB8A0CF5258BC610003A0839 /* QRCodeMenuView.swift */,
				EB8A0CF9258BE097003A0839 /* QRCodeViewerViewController.swift */,
			);
			path = QRCode;
			sourceTree = "<group>";
		};
		EC2046899F77670D47C9E8B1 /* Pods */ = {
			isa = PBXGroup;
			children = (
				B812057F51A3AFBC6BB3C8CC /* Pods-PlaygroundSimulator.debug.xcconfig */,
				69691891E5DF6EDBB2012274 /* Pods-PlaygroundSimulator.release.xcconfig */,
				7D1AEBB90978D9E2CF057FCB /* Pods-QRCodePOC.debug.xcconfig */,
				C8D61EB562284A6EDBD04F73 /* Pods-QRCodePOC.release.xcconfig */,
			);
			path = Pods;
			sourceTree = "<group>";
		};
/* End PBXGroup section */

/* Begin PBXNativeTarget section */
		EB343611255C31AA00A629F7 /* QRCodePOC */ = {
			isa = PBXNativeTarget;
			buildConfigurationList = EB343626255C31AD00A629F7 /* Build configuration list for PBXNativeTarget "QRCodePOC" */;
			buildPhases = (
				31A577D7F7DDDFE233179F57 /* [CP] Check Pods Manifest.lock */,
				EB34360E255C31AA00A629F7 /* Sources */,
				EB34360F255C31AA00A629F7 /* Frameworks */,
				EB343610255C31AA00A629F7 /* Resources */,
				730E347649EC8D77650A08DC /* [CP] Embed Pods Frameworks */,
			);
			buildRules = (
			);
			dependencies = (
			);
			name = QRCodePOC;
			productName = PlaygroundSimulator;
			productReference = EB343612255C31AA00A629F7 /* QRCodePOC.app */;
			productType = "com.apple.product-type.application";
		};
/* End PBXNativeTarget section */

/* Begin PBXProject section */
		EB34360A255C31AA00A629F7 /* Project object */ = {
			isa = PBXProject;
			attributes = {
				LastSwiftUpdateCheck = 1210;
				LastUpgradeCheck = 1210;
				TargetAttributes = {
					EB343611255C31AA00A629F7 = {
						CreatedOnToolsVersion = 12.1;
					};
				};
			};
			buildConfigurationList = EB34360D255C31AA00A629F7 /* Build configuration list for PBXProject "QRCodePOC" */;
			compatibilityVersion = "Xcode 9.3";
			developmentRegion = en;
			hasScannedForEncodings = 0;
			knownRegions = (
				en,
				Base,
			);
			mainGroup = EB343609255C31AA00A629F7;
			productRefGroup = EB343613255C31AA00A629F7 /* Products */;
			projectDirPath = "";
			projectRoot = "";
			targets = (
				EB343611255C31AA00A629F7 /* QRCodePOC */,
			);
		};
/* End PBXProject section */

/* Begin PBXResourcesBuildPhase section */
		EB343610255C31AA00A629F7 /* Resources */ = {
			isa = PBXResourcesBuildPhase;
			buildActionMask = 2147483647;
			files = (
				EB343622255C31AD00A629F7 /* LaunchScreen.storyboard in Resources */,
				EB34361F255C31AD00A629F7 /* Assets.xcassets in Resources */,
			);
			runOnlyForDeploymentPostprocessing = 0;
		};
/* End PBXResourcesBuildPhase section */

/* Begin PBXShellScriptBuildPhase section */
		31A577D7F7DDDFE233179F57 /* [CP] Check Pods Manifest.lock */ = {
			isa = PBXShellScriptBuildPhase;
			buildActionMask = 2147483647;
			files = (
			);
			inputFileListPaths = (
			);
			inputPaths = (
				"${PODS_PODFILE_DIR_PATH}/Podfile.lock",
				"${PODS_ROOT}/Manifest.lock",
			);
			name = "[CP] Check Pods Manifest.lock";
			outputFileListPaths = (
			);
			outputPaths = (
				"$(DERIVED_FILE_DIR)/Pods-QRCodePOC-checkManifestLockResult.txt",
			);
			runOnlyForDeploymentPostprocessing = 0;
			shellPath = /bin/sh;
			shellScript = "diff \"${PODS_PODFILE_DIR_PATH}/Podfile.lock\" \"${PODS_ROOT}/Manifest.lock\" > /dev/null\nif [ $? != 0 ] ; then\n    # print error to STDERR\n    echo \"error: The sandbox is not in sync with the Podfile.lock. Run 'pod install' or update your CocoaPods installation.\" >&2\n    exit 1\nfi\n# This output is used by Xcode 'outputs' to avoid re-running this script phase.\necho \"SUCCESS\" > \"${SCRIPT_OUTPUT_FILE_0}\"\n";
			showEnvVarsInLog = 0;
		};
		730E347649EC8D77650A08DC /* [CP] Embed Pods Frameworks */ = {
			isa = PBXShellScriptBuildPhase;
			buildActionMask = 2147483647;
			files = (
			);
			inputFileListPaths = (
				"${PODS_ROOT}/Target Support Files/Pods-QRCodePOC/Pods-QRCodePOC-frameworks-${CONFIGURATION}-input-files.xcfilelist",
			);
			name = "[CP] Embed Pods Frameworks";
			outputFileListPaths = (
				"${PODS_ROOT}/Target Support Files/Pods-QRCodePOC/Pods-QRCodePOC-frameworks-${CONFIGURATION}-output-files.xcfilelist",
			);
			runOnlyForDeploymentPostprocessing = 0;
			shellPath = /bin/sh;
			shellScript = "\"${PODS_ROOT}/Target Support Files/Pods-QRCodePOC/Pods-QRCodePOC-frameworks.sh\"\n";
			showEnvVarsInLog = 0;
		};
/* End PBXShellScriptBuildPhase section */

/* Begin PBXSourcesBuildPhase section */
		EB34360E255C31AA00A629F7 /* Sources */ = {
			isa = PBXSourcesBuildPhase;
			buildActionMask = 2147483647;
			files = (
				EB34361A255C31AA00A629F7 /* MainViewController.swift in Sources */,
				EB8A0CF2258BC5AF003A0839 /* QRCodeMenuViewController.swift in Sources */,
				EB343616255C31AA00A629F7 /* AppDelegate.swift in Sources */,
				EB1DE107258D4AC80031C75C /* CodeView.swift in Sources */,
				EB8A0CF6258BC610003A0839 /* QRCodeMenuView.swift in Sources */,
				EB1DE10A258D4AD30031C75C /* UIColor+Notations.swift in Sources */,
				EB8A0CFA258BE097003A0839 /* QRCodeViewerViewController.swift in Sources */,
			);
			runOnlyForDeploymentPostprocessing = 0;
		};
/* End PBXSourcesBuildPhase section */

/* Begin PBXVariantGroup section */
		EB343620255C31AD00A629F7 /* LaunchScreen.storyboard */ = {
			isa = PBXVariantGroup;
			children = (
				EB343621255C31AD00A629F7 /* Base */,
			);
			name = LaunchScreen.storyboard;
			sourceTree = "<group>";
		};
/* End PBXVariantGroup section */

/* Begin XCBuildConfiguration section */
		EB343624255C31AD00A629F7 /* Debug */ = {
			isa = XCBuildConfiguration;
			buildSettings = {
				ALWAYS_SEARCH_USER_PATHS = NO;
				CLANG_ANALYZER_NONNULL = YES;
				CLANG_ANALYZER_NUMBER_OBJECT_CONVERSION = YES_AGGRESSIVE;
				CLANG_CXX_LANGUAGE_STANDARD = "gnu++14";
				CLANG_CXX_LIBRARY = "libc++";
				CLANG_ENABLE_MODULES = YES;
				CLANG_ENABLE_OBJC_ARC = YES;
				CLANG_ENABLE_OBJC_WEAK = YES;
				CLANG_WARN_BLOCK_CAPTURE_AUTORELEASING = YES;
				CLANG_WARN_BOOL_CONVERSION = YES;
				CLANG_WARN_COMMA = YES;
				CLANG_WARN_CONSTANT_CONVERSION = YES;
				CLANG_WARN_DEPRECATED_OBJC_IMPLEMENTATIONS = YES;
				CLANG_WARN_DIRECT_OBJC_ISA_USAGE = YES_ERROR;
				CLANG_WARN_DOCUMENTATION_COMMENTS = YES;
				CLANG_WARN_EMPTY_BODY = YES;
				CLANG_WARN_ENUM_CONVERSION = YES;
				CLANG_WARN_INFINITE_RECURSION = YES;
				CLANG_WARN_INT_CONVERSION = YES;
				CLANG_WARN_NON_LITERAL_NULL_CONVERSION = YES;
				CLANG_WARN_OBJC_IMPLICIT_RETAIN_SELF = YES;
				CLANG_WARN_OBJC_LITERAL_CONVERSION = YES;
				CLANG_WARN_OBJC_ROOT_CLASS = YES_ERROR;
				CLANG_WARN_QUOTED_INCLUDE_IN_FRAMEWORK_HEADER = YES;
				CLANG_WARN_RANGE_LOOP_ANALYSIS = YES;
				CLANG_WARN_STRICT_PROTOTYPES = YES;
				CLANG_WARN_SUSPICIOUS_MOVE = YES;
				CLANG_WARN_UNGUARDED_AVAILABILITY = YES_AGGRESSIVE;
				CLANG_WARN_UNREACHABLE_CODE = YES;
				CLANG_WARN__DUPLICATE_METHOD_MATCH = YES;
				COPY_PHASE_STRIP = NO;
				DEBUG_INFORMATION_FORMAT = dwarf;
				ENABLE_STRICT_OBJC_MSGSEND = YES;
				ENABLE_TESTABILITY = YES;
				GCC_C_LANGUAGE_STANDARD = gnu11;
				GCC_DYNAMIC_NO_PIC = NO;
				GCC_NO_COMMON_BLOCKS = YES;
				GCC_OPTIMIZATION_LEVEL = 0;
				GCC_PREPROCESSOR_DEFINITIONS = (
					"DEBUG=1",
					"$(inherited)",
				);
				GCC_WARN_64_TO_32_BIT_CONVERSION = YES;
				GCC_WARN_ABOUT_RETURN_TYPE = YES_ERROR;
				GCC_WARN_UNDECLARED_SELECTOR = YES;
				GCC_WARN_UNINITIALIZED_AUTOS = YES_AGGRESSIVE;
				GCC_WARN_UNUSED_FUNCTION = YES;
				GCC_WARN_UNUSED_VARIABLE = YES;
				IPHONEOS_DEPLOYMENT_TARGET = 14.1;
				MTL_ENABLE_DEBUG_INFO = INCLUDE_SOURCE;
				MTL_FAST_MATH = YES;
				ONLY_ACTIVE_ARCH = YES;
				SDKROOT = iphoneos;
				SWIFT_ACTIVE_COMPILATION_CONDITIONS = DEBUG;
				SWIFT_OPTIMIZATION_LEVEL = "-Onone";
			};
			name = Debug;
		};
		EB343625255C31AD00A629F7 /* Release */ = {
			isa = XCBuildConfiguration;
			buildSettings = {
				ALWAYS_SEARCH_USER_PATHS = NO;
				CLANG_ANALYZER_NONNULL = YES;
				CLANG_ANALYZER_NUMBER_OBJECT_CONVERSION = YES_AGGRESSIVE;
				CLANG_CXX_LANGUAGE_STANDARD = "gnu++14";
				CLANG_CXX_LIBRARY = "libc++";
				CLANG_ENABLE_MODULES = YES;
				CLANG_ENABLE_OBJC_ARC = YES;
				CLANG_ENABLE_OBJC_WEAK = YES;
				CLANG_WARN_BLOCK_CAPTURE_AUTORELEASING = YES;
				CLANG_WARN_BOOL_CONVERSION = YES;
				CLANG_WARN_COMMA = YES;
				CLANG_WARN_CONSTANT_CONVERSION = YES;
				CLANG_WARN_DEPRECATED_OBJC_IMPLEMENTATIONS = YES;
				CLANG_WARN_DIRECT_OBJC_ISA_USAGE = YES_ERROR;
				CLANG_WARN_DOCUMENTATION_COMMENTS = YES;
				CLANG_WARN_EMPTY_BODY = YES;
				CLANG_WARN_ENUM_CONVERSION = YES;
				CLANG_WARN_INFINITE_RECURSION = YES;
				CLANG_WARN_INT_CONVERSION = YES;
				CLANG_WARN_NON_LITERAL_NULL_CONVERSION = YES;
				CLANG_WARN_OBJC_IMPLICIT_RETAIN_SELF = YES;
				CLANG_WARN_OBJC_LITERAL_CONVERSION = YES;
				CLANG_WARN_OBJC_ROOT_CLASS = YES_ERROR;
				CLANG_WARN_QUOTED_INCLUDE_IN_FRAMEWORK_HEADER = YES;
				CLANG_WARN_RANGE_LOOP_ANALYSIS = YES;
				CLANG_WARN_STRICT_PROTOTYPES = YES;
				CLANG_WARN_SUSPICIOUS_MOVE = YES;
				CLANG_WARN_UNGUARDED_AVAILABILITY = YES_AGGRESSIVE;
				CLANG_WARN_UNREACHABLE_CODE = YES;
				CLANG_WARN__DUPLICATE_METHOD_MATCH = YES;
				COPY_PHASE_STRIP = NO;
				DEBUG_INFORMATION_FORMAT = "dwarf-with-dsym";
				ENABLE_NS_ASSERTIONS = NO;
				ENABLE_STRICT_OBJC_MSGSEND = YES;
				GCC_C_LANGUAGE_STANDARD = gnu11;
				GCC_NO_COMMON_BLOCKS = YES;
				GCC_WARN_64_TO_32_BIT_CONVERSION = YES;
				GCC_WARN_ABOUT_RETURN_TYPE = YES_ERROR;
				GCC_WARN_UNDECLARED_SELECTOR = YES;
				GCC_WARN_UNINITIALIZED_AUTOS = YES_AGGRESSIVE;
				GCC_WARN_UNUSED_FUNCTION = YES;
				GCC_WARN_UNUSED_VARIABLE = YES;
				IPHONEOS_DEPLOYMENT_TARGET = 14.1;
				MTL_ENABLE_DEBUG_INFO = NO;
				MTL_FAST_MATH = YES;
				SDKROOT = iphoneos;
				SWIFT_COMPILATION_MODE = wholemodule;
				SWIFT_OPTIMIZATION_LEVEL = "-O";
				VALIDATE_PRODUCT = YES;
			};
			name = Release;
		};
		EB343627255C31AD00A629F7 /* Debug */ = {
			isa = XCBuildConfiguration;
			baseConfigurationReference = 7D1AEBB90978D9E2CF057FCB /* Pods-QRCodePOC.debug.xcconfig */;
			buildSettings = {
				ASSETCATALOG_COMPILER_APPICON_NAME = AppIcon;
				ASSETCATALOG_COMPILER_GLOBAL_ACCENT_COLOR_NAME = AccentColor;
				CODE_SIGN_STYLE = Automatic;
				DEVELOPMENT_TEAM = WML8KA633W;
				INFOPLIST_FILE = "$(SRCROOT)/QRCodePOC/Info.plist";
				IPHONEOS_DEPLOYMENT_TARGET = 11.0;
				LD_RUNPATH_SEARCH_PATHS = (
					"$(inherited)",
					"@executable_path/Frameworks",
				);
				PRODUCT_BUNDLE_IDENTIFIER = br.com.lmpm.QRCodePOC;
				PRODUCT_NAME = "$(TARGET_NAME)";
				SWIFT_VERSION = 5.0;
				TARGETED_DEVICE_FAMILY = "1,2";
			};
			name = Debug;
		};
		EB343628255C31AD00A629F7 /* Release */ = {
			isa = XCBuildConfiguration;
			baseConfigurationReference = C8D61EB562284A6EDBD04F73 /* Pods-QRCodePOC.release.xcconfig */;
			buildSettings = {
				ASSETCATALOG_COMPILER_APPICON_NAME = AppIcon;
				ASSETCATALOG_COMPILER_GLOBAL_ACCENT_COLOR_NAME = AccentColor;
				CODE_SIGN_STYLE = Automatic;
				DEVELOPMENT_TEAM = WML8KA633W;
				INFOPLIST_FILE = "$(SRCROOT)/QRCodePOC/Info.plist";
				IPHONEOS_DEPLOYMENT_TARGET = 11.0;
				LD_RUNPATH_SEARCH_PATHS = (
					"$(inherited)",
					"@executable_path/Frameworks",
				);
				PRODUCT_BUNDLE_IDENTIFIER = br.com.lmpm.QRCodePOC;
				PRODUCT_NAME = "$(TARGET_NAME)";
				SWIFT_VERSION = 5.0;
				TARGETED_DEVICE_FAMILY = "1,2";
			};
			name = Release;
		};
/* End XCBuildConfiguration section */

/* Begin XCConfigurationList section */
		EB34360D255C31AA00A629F7 /* Build configuration list for PBXProject "QRCodePOC" */ = {
			isa = XCConfigurationList;
			buildConfigurations = (
				EB343624255C31AD00A629F7 /* Debug */,
				EB343625255C31AD00A629F7 /* Release */,
			);
			defaultConfigurationIsVisible = 0;
			defaultConfigurationName = Release;
		};
		EB343626255C31AD00A629F7 /* Build configuration list for PBXNativeTarget "QRCodePOC" */ = {
			isa = XCConfigurationList;
			buildConfigurations = (
				EB343627255C31AD00A629F7 /* Debug */,
				EB343628255C31AD00A629F7 /* Release */,
			);
			defaultConfigurationIsVisible = 0;
			defaultConfigurationName = Release;
		};
/* End XCConfigurationList section */
	};
	rootObject = EB34360A255C31AA00A629F7 /* Project object */;
}
